
Microsoft Visual Studio Solution File, Format Version 12.00
# Visual Studio 15
Project("{FAE04EC0-301F-11D3-BF4B-00C04F79EFBC}") = "Mirror", "Mirror.csproj", "{399B1A89-FAD1-4913-2272-7FE690157634}"
EndProject
Project("{FAE04EC0-301F-11D3-BF4B-00C04F79EFBC}") = "Assembly-CSharp", "Assembly-CSharp.csproj", "{AEAF0603-C25C-1115-762D-F07242EABBD4}"
EndProject
Project("{FAE04EC0-301F-11D3-BF4B-00C04F79EFBC}") = "Assembly-CSharp-Editor", "Assembly-CSharp-Editor.csproj", "{A65EEED1-3182-A8AA-FF29-1DED64C114EF}"
EndProject
Project("{FAE04EC0-301F-11D3-BF4B-00C04F79EFBC}") = "Mirror.Tests", "Mirror.Tests.csproj", "{6B6001D8-0537-0F81-4B6F-472DC928796D}"
EndProject
Global
	GlobalSection(SolutionConfigurationPlatforms) = preSolution
		Debug|Any CPU = Debug|Any CPU
		Release|Any CPU = Release|Any CPU
	EndGlobalSection
	GlobalSection(ProjectConfigurationPlatforms) = postSolution
		{399B1A89-FAD1-4913-2272-7FE690157634}.Debug|Any CPU.ActiveCfg = Debug|Any CPU
		{399B1A89-FAD1-4913-2272-7FE690157634}.Debug|Any CPU.Build.0 = Debug|Any CPU
		{399B1A89-FAD1-4913-2272-7FE690157634}.Release|Any CPU.ActiveCfg = Release|Any CPU
		{399B1A89-FAD1-4913-2272-7FE690157634}.Release|Any CPU.Build.0 = Release|Any CPU
		{AEAF0603-C25C-1115-762D-F07242EABBD4}.Debug|Any CPU.ActiveCfg = Debug|Any CPU
		{AEAF0603-C25C-1115-762D-F07242EABBD4}.Debug|Any CPU.Build.0 = Debug|Any CPU
		{AEAF0603-C25C-1115-762D-F07242EABBD4}.Release|Any CPU.ActiveCfg = Release|Any CPU
		{AEAF0603-C25C-1115-762D-F07242EABBD4}.Release|Any CPU.Build.0 = Release|Any CPU
		{A65EEED1-3182-A8AA-FF29-1DED64C114EF}.Debug|Any CPU.ActiveCfg = Debug|Any CPU
		{A65EEED1-3182-A8AA-FF29-1DED64C114EF}.Debug|Any CPU.Build.0 = Debug|Any CPU
		{A65EEED1-3182-A8AA-FF29-1DED64C114EF}.Release|Any CPU.ActiveCfg = Release|Any CPU
		{A65EEED1-3182-A8AA-FF29-1DED64C114EF}.Release|Any CPU.Build.0 = Release|Any CPU
		{6B6001D8-0537-0F81-4B6F-472DC928796D}.Debug|Any CPU.ActiveCfg = Debug|Any CPU
		{6B6001D8-0537-0F81-4B6F-472DC928796D}.Debug|Any CPU.Build.0 = Debug|Any CPU
		{6B6001D8-0537-0F81-4B6F-472DC928796D}.Release|Any CPU.ActiveCfg = Release|Any CPU
		{6B6001D8-0537-0F81-4B6F-472DC928796D}.Release|Any CPU.Build.0 = Release|Any CPU
	EndGlobalSection
	GlobalSection(SolutionProperties) = preSolution
		HideSolutionNode = FALSE
	EndGlobalSection
EndGlobal
